
Microsoft Visual Studio Solution File, Format Version 11.00
# Visual Studio 2010
Project("{FAE04EC0-301F-11D3-BF4B-00C04F79EFBC}") = "InterfaceSegregationPrinciple", "InterfaceSegregationPrinciple\InterfaceSegregationPrinciple.csproj", "{5FF39B66-011E-4AE1-B9C7-012C43EEBC67}"
EndProject
Project("{2150E333-8FDC-42A3-9474-1A3956D46DE8}") = "Solution Items", "Solution Items", "{D3B9BDA7-F6CA-455C-AA21-5AAD4BE85A07}"
	ProjectSection(SolutionItems) = preProject
		ReadMe.txt = ReadMe.txt
	EndProjectSection
EndProject
Project("{FAE04EC0-301F-11D3-BF4B-00C04F79EFBC}") = "ISP Conformation", "ISP Conformation\ISP Conformation.csproj", "{C3232652-DA27-4F08-A898-30A2D94B068D}"
EndProject
Global
	GlobalSection(SolutionConfigurationPlatforms) = preSolution
		Debug|x86 = Debug|x86
		Release|x86 = Release|x86
	EndGlobalSection
	GlobalSection(ProjectConfigurationPlatforms) = postSolution
		{5FF39B66-011E-4AE1-B9C7-012C43EEBC67}.Debug|x86.ActiveCfg = Debug|x86
		{5FF39B66-011E-4AE1-B9C7-012C43EEBC67}.Debug|x86.Build.0 = Debug|x86
		{5FF39B66-011E-4AE1-B9C7-012C43EEBC67}.Release|x86.ActiveCfg = Release|x86
		{5FF39B66-011E-4AE1-B9C7-012C43EEBC67}.Release|x86.Build.0 = Release|x86
		{C3232652-DA27-4F08-A898-30A2D94B068D}.Debug|x86.ActiveCfg = Debug|x86
		{C3232652-DA27-4F08-A898-30A2D94B068D}.Debug|x86.Build.0 = Debug|x86
		{C3232652-DA27-4F08-A898-30A2D94B068D}.Release|x86.ActiveCfg = Release|x86
		{C3232652-DA27-4F08-A898-30A2D94B068D}.Release|x86.Build.0 = Release|x86
	EndGlobalSection
	GlobalSection(SolutionProperties) = preSolution
		HideSolutionNode = FALSE
	EndGlobalSection
EndGlobal
