
Microsoft Visual Studio Solution File, Format Version 11.00
# Visual Studio 2010
Project("{FAE04EC0-301F-11D3-BF4B-00C04F79EFBC}") = "DependecyInversionPrinciple", "DependecyInversionPrinciple\DependecyInversionPrinciple.csproj", "{911561BE-216E-479F-A21C-C169A87F98B2}"
EndProject
Project("{FAE04EC0-301F-11D3-BF4B-00C04F79EFBC}") = "DependencyInversionPrinciple Conformation", "DependencyInversionPrinciple Conformation\DependencyInversionPrinciple Conformation.csproj", "{43728EA0-4474-4651-9005-D51681A99121}"
EndProject
Project("{FAE04EC0-301F-11D3-BF4B-00C04F79EFBC}") = "DependencyInversionPrinciple WithAnIocContainer", "DependencyInversionPrinciple WithAnIocContainer\DependencyInversionPrinciple WithAnIocContainer.csproj", "{DAEB4A81-5B50-4AEB-957F-030A587255A8}"
EndProject
Global
	GlobalSection(SolutionConfigurationPlatforms) = preSolution
		Debug|Any CPU = Debug|Any CPU
		Release|Any CPU = Release|Any CPU
	EndGlobalSection
	GlobalSection(ProjectConfigurationPlatforms) = postSolution
		{911561BE-216E-479F-A21C-C169A87F98B2}.Debug|Any CPU.ActiveCfg = Debug|Any CPU
		{911561BE-216E-479F-A21C-C169A87F98B2}.Debug|Any CPU.Build.0 = Debug|Any CPU
		{911561BE-216E-479F-A21C-C169A87F98B2}.Release|Any CPU.ActiveCfg = Release|Any CPU
		{911561BE-216E-479F-A21C-C169A87F98B2}.Release|Any CPU.Build.0 = Release|Any CPU
		{43728EA0-4474-4651-9005-D51681A99121}.Debug|Any CPU.ActiveCfg = Debug|Any CPU
		{43728EA0-4474-4651-9005-D51681A99121}.Debug|Any CPU.Build.0 = Debug|Any CPU
		{43728EA0-4474-4651-9005-D51681A99121}.Release|Any CPU.ActiveCfg = Release|Any CPU
		{43728EA0-4474-4651-9005-D51681A99121}.Release|Any CPU.Build.0 = Release|Any CPU
		{DAEB4A81-5B50-4AEB-957F-030A587255A8}.Debug|Any CPU.ActiveCfg = Debug|Any CPU
		{DAEB4A81-5B50-4AEB-957F-030A587255A8}.Debug|Any CPU.Build.0 = Debug|Any CPU
		{DAEB4A81-5B50-4AEB-957F-030A587255A8}.Release|Any CPU.ActiveCfg = Release|Any CPU
		{DAEB4A81-5B50-4AEB-957F-030A587255A8}.Release|Any CPU.Build.0 = Release|Any CPU
	EndGlobalSection
	GlobalSection(SolutionProperties) = preSolution
		HideSolutionNode = FALSE
	EndGlobalSection
	GlobalSection(ExtensibilityGlobals) = postSolution
		EnterpriseLibraryConfigurationToolBinariesPath = packages\Unity.2.1.505.2\lib\NET35
	EndGlobalSection
EndGlobal
